Microsoft Visual Studio Solution File, Format Version 12.00
# Visual Studio Version 17
VisualStudioVersion = 17.5.2.0
MinimumVisualStudioVersion = 10.0.40219.1
Project("{FAE04EC0-301F-11D3-BF4B-00C04F79EFBC}") = "PokemonBattle", "PokemonBattle\PokemonBattle.csproj", "{1A693AE1-1C4B-DB27-7548-FC09490762CF}"
EndProject
Global
	GlobalSection(SolutionConfigurationPlatforms) = preSolution
		Debug|Any CPU = Debug|Any CPU
		Release|Any CPU = Release|Any CPU
	EndGlobalSection
	GlobalSection(ProjectConfigurationPlatforms) = postSolution
		{1A693AE1-1C4B-DB27-7548-FC09490762CF}.Debug|Any CPU.ActiveCfg = Debug|Any CPU
		{1A693AE1-1C4B-DB27-7548-FC09490762CF}.Debug|Any CPU.Build.0 = Debug|Any CPU
		{1A693AE1-1C4B-DB27-7548-FC09490762CF}.Release|Any CPU.ActiveCfg = Release|Any CPU
		{1A693AE1-1C4B-DB27-7548-FC09490762CF}.Release|Any CPU.Build.0 = Release|Any CPU
	EndGlobalSection
	GlobalSection(SolutionProperties) = preSolution
		HideSolutionNode = FALSE
	EndGlobalSection
	GlobalSection(ExtensibilityGlobals) = postSolution
		SolutionGuid = {3C39C6FE-4237-4784-80F7-EABCDB4FE07F}
	EndGlobalSection
EndGlobal
